
Microsoft Visual Studio Solution File, Format Version 12.00
# Visual Studio Version 17
VisualStudioVersion = 17.2.32422.2
MinimumVisualStudioVersion = 10.0.40219.1
Project("{FAE04EC0-301F-11D3-BF4B-00C04F79EFBC}") = "EvoSim", "EvoSim\EvoSim.csproj", "{EFCAE958-D59A-4F17-AEF7-9F68952AC8C8}"
EndProject
Global
	GlobalSection(SolutionConfigurationPlatforms) = preSolution
		Debug|Any CPU = Debug|Any CPU
		Release|Any CPU = Release|Any CPU
	EndGlobalSection
	GlobalSection(ProjectConfigurationPlatforms) = postSolution
		{EFCAE958-D59A-4F17-AEF7-9F68952AC8C8}.Debug|Any CPU.ActiveCfg = Debug|Any CPU
		{EFCAE958-D59A-4F17-AEF7-9F68952AC8C8}.Debug|Any CPU.Build.0 = Debug|Any CPU
		{EFCAE958-D59A-4F17-AEF7-9F68952AC8C8}.Release|Any CPU.ActiveCfg = Release|Any CPU
		{EFCAE958-D59A-4F17-AEF7-9F68952AC8C8}.Release|Any CPU.Build.0 = Release|Any CPU
	EndGlobalSection
	GlobalSection(SolutionProperties) = preSolution
		HideSolutionNode = FALSE
	EndGlobalSection
	GlobalSection(ExtensibilityGlobals) = postSolution
		SolutionGuid = {CDDC5E46-3F12-4A24-9A3E-28C222B42214}
	EndGlobalSection
EndGlobal
